
Microsoft Visual Studio Solution File, Format Version 12.00
# Visual Studio 15
VisualStudioVersion = 15.0.27130.2010
MinimumVisualStudioVersion = 10.0.40219.1
Project("{FAE04EC0-301F-11D3-BF4B-00C04F79EFBC}") = "HttpServer", "HttpServer\HttpServer.csproj", "{29786CEF-709D-4F73-82B7-A182C81CDCDD}"
EndProject
Global
	GlobalSection(SolutionConfigurationPlatforms) = preSolution
		Debug|Any CPU = Debug|Any CPU
		Release|Any CPU = Release|Any CPU
	EndGlobalSection
	GlobalSection(ProjectConfigurationPlatforms) = postSolution
		{29786CEF-709D-4F73-82B7-A182C81CDCDD}.Debug|Any CPU.ActiveCfg = Debug|Any CPU
		{29786CEF-709D-4F73-82B7-A182C81CDCDD}.Debug|Any CPU.Build.0 = Debug|Any CPU
		{29786CEF-709D-4F73-82B7-A182C81CDCDD}.Release|Any CPU.ActiveCfg = Release|Any CPU
		{29786CEF-709D-4F73-82B7-A182C81CDCDD}.Release|Any CPU.Build.0 = Release|Any CPU
	EndGlobalSection
	GlobalSection(SolutionProperties) = preSolution
		HideSolutionNode = FALSE
	EndGlobalSection
	GlobalSection(ExtensibilityGlobals) = postSolution
		SolutionGuid = {297EC283-FE65-4D46-B4D4-D9B61C63DBE8}
	EndGlobalSection
EndGlobal
